
Microsoft Visual Studio Solution File, Format Version 12.00
# Visual Studio Version 17
VisualStudioVersion = 17.14.36414.22 d17.14
MinimumVisualStudioVersion = 10.0.40219.1
Project("{54A90642-561A-4BB1-A94E-469ADEE60C69}") = "myshop.client", "myshop.client\myshop.client.esproj", "{36DFE829-D70A-023C-87A1-D0BBE9B40DA9}"
EndProject
Project("{FAE04EC0-301F-11D3-BF4B-00C04F79EFBC}") = "MyShop.Server", "MyShop.Server\MyShop.Server.csproj", "{824035BC-9BFE-43C4-A8B1-35E3130FBA2B}"
EndProject
Global
	GlobalSection(SolutionConfigurationPlatforms) = preSolution
		Debug|Any CPU = Debug|Any CPU
		Release|Any CPU = Release|Any CPU
	EndGlobalSection
	GlobalSection(ProjectConfigurationPlatforms) = postSolution
		{36DFE829-D70A-023C-87A1-D0BBE9B40DA9}.Debug|Any CPU.ActiveCfg = Debug|Any CPU
		{36DFE829-D70A-023C-87A1-D0BBE9B40DA9}.Debug|Any CPU.Build.0 = Debug|Any CPU
		{36DFE829-D70A-023C-87A1-D0BBE9B40DA9}.Debug|Any CPU.Deploy.0 = Debug|Any CPU
		{36DFE829-D70A-023C-87A1-D0BBE9B40DA9}.Release|Any CPU.ActiveCfg = Release|Any CPU
		{36DFE829-D70A-023C-87A1-D0BBE9B40DA9}.Release|Any CPU.Build.0 = Release|Any CPU
		{36DFE829-D70A-023C-87A1-D0BBE9B40DA9}.Release|Any CPU.Deploy.0 = Release|Any CPU
		{824035BC-9BFE-43C4-A8B1-35E3130FBA2B}.Debug|Any CPU.ActiveCfg = Debug|Any CPU
		{824035BC-9BFE-43C4-A8B1-35E3130FBA2B}.Debug|Any CPU.Build.0 = Debug|Any CPU
		{824035BC-9BFE-43C4-A8B1-35E3130FBA2B}.Release|Any CPU.ActiveCfg = Release|Any CPU
		{824035BC-9BFE-43C4-A8B1-35E3130FBA2B}.Release|Any CPU.Build.0 = Release|Any CPU
	EndGlobalSection
	GlobalSection(SolutionProperties) = preSolution
		HideSolutionNode = FALSE
	EndGlobalSection
	GlobalSection(ExtensibilityGlobals) = postSolution
		SolutionGuid = {0A6A3C5C-60E6-4095-B488-3D669D25302E}
	EndGlobalSection
EndGlobal
